# This file is generated by running "yarn install" inside your project.
# Manual changes might be lost - proceed with caution!

__metadata:
  version: 4
  cacheKey: 7

"fromentries@npm:^1.3.2":
  version: 1.3.2
  resolution: "fromentries@npm:1.3.2"
  checksum: 5cc722e4e3fd333ba75f31dd3ef80b4a6c405d8814e86e343b4676c1483c00f4f29b39aca462d268e918b3316a4fb03cea8022458fd8ad965f251362a129783f
  languageName: node
  linkType: hard

"husky@npm:^6.0.0":
  version: 6.0.0
  resolution: "husky@npm:6.0.0"
  bin:
    husky: lib/bin.js
  checksum: 61e1f7f53f3c969d361c2a1d4ed8018b9447406ea6cd644a2526d18b76877d135001d8cbd48a1d201fc1614d96995e691ecd2b82a8d8513a6b4a313da1188ccd
  languageName: node
  linkType: hard

"pinst@npm:^2.0.0":
  version: 2.1.6
  resolution: "pinst@npm:2.1.6"
  dependencies:
    fromentries: ^1.3.2
  bin:
    pinst: bin.js
  checksum: ac950620de58cec8a2d601b79186e04f7a166c3df82a7a25fe2ca3c1ea38710fa881640e788fa8f81f13b17f38f646d17360c8266f12ae7682bf0ae420786b61
  languageName: node
  linkType: hard

"yarn-2-completion@workspace:.":
  version: 0.0.0-use.local
  resolution: "yarn-2-completion@workspace:."
  dependencies:
    husky: ^6.0.0
    pinst: ^2.0.0
  languageName: unknown
  linkType: soft
