# This file is generated by running "yarn install" inside your project.
# Manual changes might be lost - proceed with caution!

__metadata:
  version: 4
  cacheKey: 5

"camel-case@npm:^4.1.2":
  version: 4.1.2
  resolution: "camel-case@npm:4.1.2"
  dependencies:
    pascal-case: ^3.1.2
    tslib: ^2.0.3
  checksum: 0b8dcfb424c9497e45984b88ef005c66bdf8e877e36365aedfc3cf73182684fde5a14cf2c526579c0351a5f27dc39a00f1edecc25d43606075fea948c504e37f
  languageName: node
  linkType: hard

"lower-case@npm:^2.0.2":
  version: 2.0.2
  resolution: "lower-case@npm:2.0.2"
  dependencies:
    tslib: ^2.0.3
  checksum: aabaca9cef65f7564a1005b625664527e4d169e363101e65773f8f6ff2fdcf09884a3bc02990cd7a62cf05f3538114af25ee7bef553f1ca3208c8a77ac75cbfa
  languageName: node
  linkType: hard

"no-case@npm:^3.0.4":
  version: 3.0.4
  resolution: "no-case@npm:3.0.4"
  dependencies:
    lower-case: ^2.0.2
    tslib: ^2.0.3
  checksum: 84db4909caec37504c6655f995a004067f8733be8cd8d849f1578661b60a1685e086325fa4e1a5e8ce94e7416c1d0f037e2a00f635a14457183de80ab4fc7612
  languageName: node
  linkType: hard

"pascal-case@npm:^3.1.2":
  version: 3.1.2
  resolution: "pascal-case@npm:3.1.2"
  dependencies:
    no-case: ^3.0.4
    tslib: ^2.0.3
  checksum: 31708cecab221482edc81e2bd9b9d8282d72d4f1443b31f39725aa23768c5e42d93c4c014f1bc90f7f074e2a70d5091e4892ea370e550affc9ccf1d33c900bcd
  languageName: node
  linkType: hard

"test3@workspace:.":
  version: 0.0.0-use.local
  resolution: "test3@workspace:."
  dependencies:
    camel-case: ^4.1.2
  languageName: unknown
  linkType: soft

"tslib@npm:^2.0.3":
  version: 2.3.0
  resolution: "tslib@npm:2.3.0"
  checksum: 7b4fc9feff0f704743c3760f5d8d708f6417fac6458159e63df3a6b1100f0736e3b99edb9fe370f274ad15160a1f49ff05cb49402534c818ff552c48e38c3e6e
  languageName: node
  linkType: hard
