# This file is generated by running "yarn install" inside your project.
# Manual changes might be lost - proceed with caution!

__metadata:
  version: 4
  cacheKey: 5

"camelcase@npm:^6.2.0":
  version: 6.2.0
  resolution: "camelcase@npm:6.2.0"
  checksum: 654700600a80cb1f06ab85b3e2fe80333f94b441884d40826becdac549774f51b0317c6dcb6040416df26241fa9481eb58d0c1659d4d6d5627dcd4259be61beb
  languageName: node
  linkType: hard

"cross-env@npm:5.0.5":
  version: 5.0.5
  resolution: "cross-env@npm:5.0.5"
  dependencies:
    cross-spawn: ^5.1.0
    is-windows: ^1.0.0
  bin:
    cross-env: dist/bin/cross-env.js
    cross-env-shell: dist/bin/cross-env-shell.js
  checksum: 908c1aa12424bc08a2041a880c2751d47c3cccc077117133b937770dcaff7f99930c2c130dec0af85ec4bb33f9b1c500941d5e8ab9d8ce7e428a85fc870ba7c9
  languageName: node
  linkType: hard

"cross-spawn@npm:^5.1.0":
  version: 5.1.0
  resolution: "cross-spawn@npm:5.1.0"
  dependencies:
    lru-cache: ^4.0.1
    shebang-command: ^1.2.0
    which: ^1.2.9
  checksum: 96018c42a94a2f69e27c11688db638c343109e4eda5cc6586a83a1d2f102ef2ef4d184919593036748d386ddb67cc3e66658fefec85a4659958cde792f1a9ddc
  languageName: node
  linkType: hard

"is-windows@npm:^1.0.0":
  version: 1.0.2
  resolution: "is-windows@npm:1.0.2"
  checksum: dd1ed8339a28c68fb52f05931c832488dafc90063e53b97a69ead219a5584d7f3e6e564731c2f983962ff5403afeb05365d88ce9af34c8dae76a14911020d73a
  languageName: node
  linkType: hard

"isexe@npm:^2.0.0":
  version: 2.0.0
  resolution: "isexe@npm:2.0.0"
  checksum: 7b437980bb77881a146fba85cfbdf01edc2b148673e9c2722a1e49661fea73adf524430a80fdbfb8ce9f60d43224e682c657c45030482bd39e0c488fc29b4afe
  languageName: node
  linkType: hard

"lru-cache@npm:^4.0.1":
  version: 4.1.5
  resolution: "lru-cache@npm:4.1.5"
  dependencies:
    pseudomap: ^1.0.2
    yallist: ^2.1.2
  checksum: 6a098d23629357451d4324e1e4fefccdd6df316df29e25571c6148220ced923258381ebeafdf919f90e28c780b650427390582618c1d5fe097873e656d062511
  languageName: node
  linkType: hard

"pseudomap@npm:^1.0.2":
  version: 1.0.2
  resolution: "pseudomap@npm:1.0.2"
  checksum: 1ad1802645e830d99f9c1db97efc6902d2316b660454633229f636dd59e751d00498dd325d3b18d49f2be990a2c9d28f8bfe6f9b544a8220a5faa2bfb4694bb7
  languageName: node
  linkType: hard

"shebang-command@npm:^1.2.0":
  version: 1.2.0
  resolution: "shebang-command@npm:1.2.0"
  dependencies:
    shebang-regex: ^1.0.0
  checksum: 2a1e0092a6b80b14ec742ef4e982be8aa670edc7de3e8c68b26744fb535051f7d92518106387b52e9aabe0c1ceae33d23a7dfdb94c3d7f5035c3868b723a2854
  languageName: node
  linkType: hard

"shebang-regex@npm:^1.0.0":
  version: 1.0.0
  resolution: "shebang-regex@npm:1.0.0"
  checksum: cf1a41cb09023e7d39739d7145fcba57c3fabc6728b78ce706f7315cf52dfadf30f7eea664e069224fbcbbfb6ab853bc55ac45f494b47ee73fc209c98487fae5
  languageName: node
  linkType: hard

"test3@workspace:.":
  version: 0.0.0-use.local
  resolution: "test3@workspace:."
  dependencies:
    camelcase: ^6.2.0
  languageName: unknown
  linkType: soft

"which@npm:^1.2.9":
  version: 1.3.1
  resolution: "which@npm:1.3.1"
  dependencies:
    isexe: ^2.0.0
  bin:
    which: ./bin/which
  checksum: 298d95f9c185c4da22c1bfb1fdfa37c2ba56df8a6b98706ab361bf31a7d3a4845afaecfc48d4de7a259048842b5f2977f51b56f5c06c1f6a83dcf5a9e3de634a
  languageName: node
  linkType: hard

"wrk-a@workspace:packages/workspace-a":
  version: 0.0.0-use.local
  resolution: "wrk-a@workspace:packages/workspace-a"
  dependencies:
    cross-env: 5.0.5
    wrk-b: 1.0.0
  languageName: unknown
  linkType: soft

"wrk-b@1.0.0, wrk-b@workspace:packages/workspace-b":
  version: 0.0.0-use.local
  resolution: "wrk-b@workspace:packages/workspace-b"
  dependencies:
    cross-env: 5.0.5
  languageName: unknown
  linkType: soft

"wrk-c@workspace:packages/workspace-c":
  version: 0.0.0-use.local
  resolution: "wrk-c@workspace:packages/workspace-c"
  languageName: unknown
  linkType: soft

"yallist@npm:^2.1.2":
  version: 2.1.2
  resolution: "yallist@npm:2.1.2"
  checksum: f83e3d18eeba68a0276be2ab09260be3f2a300307e84b1565c620ef71f03f106c3df9bec4c3a91e5fa621a038f8826c19b3786804d3795dd4f999e5b6be66ea3
  languageName: node
  linkType: hard
